// !$*UTF8*$!
{
	archiveVersion = 1;
	classes = {
	};
	objectVersion = 46;
	objects = {

/* Begin PBXBuildFile section */
		91E8188CBE6533141A380822 /* DatasmithSketchUp2020.Target.cs in Sources */ = {isa = PBXBuildFile; fileRef = C5A99586FCD14D108B1245CE /* DatasmithSketchUp2020.Target.cs */; };
/* End PBXBuildFile section */

/* Begin PBXFileReference section */
		C5A99586FCD14D108B1245CE /* DatasmithSketchUp2020.Target.cs */ = {isa = PBXFileReference; explicitFileType = file.text; name = "DatasmithSketchUp2020.Target.cs"; path = "../../Source/Programs/Enterprise/Datasmith/DatasmithSketchUpExporter/DatasmithSketchUp2020.Target.cs"; sourceTree = SOURCE_ROOT; };
		01A7963ED4DF817C7E3D42D7 /* DatasmithSketchUp2020 */ = {isa = PBXFileReference; explicitFileType = wrapper.application; path = DatasmithSketchUp2020; sourceTree = BUILT_PRODUCTS_DIR; };
/* End PBXFileReference section */

/* Begin PBXSourcesBuildPhase section */
		16D4625708E57348C214A462 = {
			isa = PBXSourcesBuildPhase;
			buildActionMask = 2147483647;
			files = (
			);
			runOnlyForDeploymentPostprocessing = 0;
		};
/* End PBXSourcesBuildPhase section */

/* Begin PBXCopyFilesBuildPhase section */
	E5CB77B2E041FD2B9C661661 /* Embed App Extensions */ = {
		isa = PBXCopyFilesBuildPhase;
		buildActionMask = 2147483647;
		dstPath = "";
		dstSubfolderSpec = 13;
		files = (
		);
		name = "Embed App Extensions";
		runOnlyForDeploymentPostprocessing = 0;
	};
/* End PBXCopyFilesBuildPhase section */
/* Begin PBXContainerItemProxy section */
		62A3CF0EDE2AA2A3ED32B3BD /* PBXContainerItemProxy */ = {
			isa = PBXContainerItemProxy;
			containerPortal = FA28455CAC5376B437D6DE90 /* Project object */;
			proxyType = 1;
			remoteGlobalIDString = AEAB389A39A6B1FE00133A77;
			remoteInfo = "DatasmithSketchUp2020_Build";
		};
/* End PBXContainerItemProxy section */

/* Begin PBXTargetDependency section */
		2114B7750A52E78B67E19405 /* PBXTargetDependency */ = {
			isa = PBXTargetDependency;
			target = AEAB389A39A6B1FE00133A77 /* DatasmithSketchUp2020_Build */;
			targetProxy = 62A3CF0EDE2AA2A3ED32B3BD /* PBXContainerItemProxy */;
		};
/* End PBXTargetDependency section */

/* Begin PBXGroup section */
		B8496EAB3D85F59D93C38D38 = {
			isa = PBXGroup;
			children = (
				C5A99586FCD14D108B1245CE /* DatasmithSketchUp2020.Target.cs */,
				D22A780D81ABFB1C28D85856 /* Products */,
			);
			sourceTree = "<group>";
		};
		D22A780D81ABFB1C28D85856 /* Products */ = {
			isa = PBXGroup;
			children = (
				01A7963ED4DF817C7E3D42D7 /* DatasmithSketchUp2020 */,
			);
			name = Products;
			sourceTree = "<group>";
		};
/* End PBXGroup section */

/* Begin PBXLegacyTarget section */
		AEAB389A39A6B1FE00133A77 /* DatasmithSketchUp2020_Build */ = {
			isa = PBXLegacyTarget;
			buildArgumentsString = "$(ACTION) $(UE_BUILD_TARGET_NAME) $(PLATFORM_NAME) $(UE_BUILD_TARGET_CONFIG)";
			buildConfigurationList = 28E0E558372290EF60FA7362 /* Build configuration list for PBXLegacyTarget "DatasmithSketchUp2020_Build" */;
			buildPhases = (
			);
			buildToolPath = "/Users/zhangjiangen/Documents/UGit/UnrealEngine425/Engine/Build/BatchFiles/Mac/XcodeBuild.sh";
			buildWorkingDirectory = "/Users/zhangjiangen/Documents/UGit/UnrealEngine425";
			dependencies = (
			);
			name = "DatasmithSketchUp2020_Build";
			passBuildSettingsInEnvironment = 1;
			productName = "DatasmithSketchUp2020_Build";
		};
/* End PBXLegacyTarget section */

/* Begin PBXNativeTarget section */
		5644BC64EB662042EC203219 /* DatasmithSketchUp2020 */ = {
			isa = PBXNativeTarget;
			buildConfigurationList = E094189D1BF7EEC483D9C57E /* Build configuration list for PBXNativeTarget "DatasmithSketchUp2020" */;
			buildPhases = (
				E5CB77B2E041FD2B9C661661 /* Embed App Extensions */, 
				9D08AFD5B64908DFF1179468 /* Shell Script */, 
			);
			dependencies = (
				2114B7750A52E78B67E19405 /* PBXTargetDependency */,
			);
			name = "DatasmithSketchUp2020";
			passBuildSettingsInEnvironment = 1;
			productName = "DatasmithSketchUp2020";
			productReference = "01A7963ED4DF817C7E3D42D7";
			productType = "com.apple.product-type.application";
		};
/* End PBXNativeTarget section */

/* Begin PBXNativeTarget section */
		BBA9B7876017862561F75F33 /* DatasmithSketchUp2020_Index */ = {
			isa = PBXNativeTarget;
			buildConfigurationList = F207694780B5BDEE6D1E15F4 /* Build configuration list for PBXNativeTarget "DatasmithSketchUp2020_Index" */;
			buildPhases = (
				16D4625708E57348C214A462 /* Sources */,
			);
			dependencies = (
			);
			name = "DatasmithSketchUp2020_Index";
			passBuildSettingsInEnvironment = 1;
			productName = "DatasmithSketchUp2020_Index";
			productType = "com.apple.product-type.library.static";
		};
/* End PBXNativeTarget section */

/* Begin PBXProject section */
		FA28455CAC5376B437D6DE90 /* Project object */ = {
			isa = PBXProject;
			attributes = {
				LastUpgradeCheck = 2000;
				ORGANIZATIONNAME = "Epic Games, Inc.";
				TargetAttributes = {
					5644BC64EB662042EC203219 = {
						ProvisioningStyle = Manual;
					};
				};
			};
			buildConfigurationList = EF299EE88C15153080B26630 /* Build configuration list for PBXProject "DatasmithSketchUp2020" */;
			compatibilityVersion = "Xcode 8.0";
			developmentRegion = English;
			hasScannedForEncodings = 0;
			knownRegions = (
				en
			);
			mainGroup = B8496EAB3D85F59D93C38D38;
			productRefGroup = D22A780D81ABFB1C28D85856;
			projectDirPath = "";
			projectRoot = "";
			targets = (
			5644BC64EB662042EC203219 /* DatasmithSketchUp2020 */,
			AEAB389A39A6B1FE00133A77 /* DatasmithSketchUp2020_Build */,
			BBA9B7876017862561F75F33 /* DatasmithSketchUp2020_Index */,
			);
		};
/* End PBXProject section */

/* Begin XCBuildConfiguration section */
		229D94AD504576BD861528B5 /* "Debug" */ = {
			isa = XCBuildConfiguration;
			buildSettings = {
				GCC_PREPROCESSOR_DEFINITIONS = (
					"__INTELLISENSE__",
					"MONOLITHIC_BUILD=1",
				);
				HEADER_SEARCH_PATHS = (
				);
				USER_HEADER_SEARCH_PATHS = (
				);
				ONLY_ACTIVE_ARCH = YES;
				ENABLE_TESTABILITY = YES;
				ALWAYS_SEARCH_USER_PATHS = NO;
				CLANG_CXX_LANGUAGE_STANDARD = "c++14";
				GCC_ENABLE_CPP_RTTI = NO;
				GCC_WARN_CHECK_SWITCH_STATEMENTS = NO;
				USE_HEADERMAP = NO;
			};
			name = "Debug";
		};
		0E2103C55CE3A922E39378B2 /* "DebugGame" */ = {
			isa = XCBuildConfiguration;
			buildSettings = {
				GCC_PREPROCESSOR_DEFINITIONS = (
					"__INTELLISENSE__",
					"MONOLITHIC_BUILD=1",
				);
				HEADER_SEARCH_PATHS = (
				);
				USER_HEADER_SEARCH_PATHS = (
				);
				ALWAYS_SEARCH_USER_PATHS = NO;
				CLANG_CXX_LANGUAGE_STANDARD = "c++14";
				GCC_ENABLE_CPP_RTTI = NO;
				GCC_WARN_CHECK_SWITCH_STATEMENTS = NO;
				USE_HEADERMAP = NO;
			};
			name = "DebugGame";
		};
		A619E3847C7DB315E87774F9 /* "Development" */ = {
			isa = XCBuildConfiguration;
			buildSettings = {
				GCC_PREPROCESSOR_DEFINITIONS = (
					"__INTELLISENSE__",
					"MONOLITHIC_BUILD=1",
				);
				HEADER_SEARCH_PATHS = (
				);
				USER_HEADER_SEARCH_PATHS = (
				);
				ALWAYS_SEARCH_USER_PATHS = NO;
				CLANG_CXX_LANGUAGE_STANDARD = "c++14";
				GCC_ENABLE_CPP_RTTI = NO;
				GCC_WARN_CHECK_SWITCH_STATEMENTS = NO;
				USE_HEADERMAP = NO;
			};
			name = "Development";
		};
		6FAEA69B71145EDE18EB9B52 /* "Shipping" */ = {
			isa = XCBuildConfiguration;
			buildSettings = {
				GCC_PREPROCESSOR_DEFINITIONS = (
					"__INTELLISENSE__",
					"MONOLITHIC_BUILD=1",
				);
				HEADER_SEARCH_PATHS = (
				);
				USER_HEADER_SEARCH_PATHS = (
				);
				ALWAYS_SEARCH_USER_PATHS = NO;
				CLANG_CXX_LANGUAGE_STANDARD = "c++14";
				GCC_ENABLE_CPP_RTTI = NO;
				GCC_WARN_CHECK_SWITCH_STATEMENTS = NO;
				USE_HEADERMAP = NO;
			};
			name = "Shipping";
		};
		D83885EC3DDC9D7C4DD01E38 /* "Test" */ = {
			isa = XCBuildConfiguration;
			buildSettings = {
				GCC_PREPROCESSOR_DEFINITIONS = (
					"__INTELLISENSE__",
					"MONOLITHIC_BUILD=1",
				);
				HEADER_SEARCH_PATHS = (
				);
				USER_HEADER_SEARCH_PATHS = (
				);
				ALWAYS_SEARCH_USER_PATHS = NO;
				CLANG_CXX_LANGUAGE_STANDARD = "c++14";
				GCC_ENABLE_CPP_RTTI = NO;
				GCC_WARN_CHECK_SWITCH_STATEMENTS = NO;
				USE_HEADERMAP = NO;
			};
			name = "Test";
		};
		33493BE6DB2CBAB0BE00BA00 /* "Debug" */ = {
			isa = XCBuildConfiguration;
			buildSettings = {
				VALID_ARCHS = "x86_64";
				SUPPORTED_PLATFORMS = "macosx";
				PRODUCT_NAME = "DatasmithSketchUp2020-Mac-Debug";
				CONFIGURATION_BUILD_DIR = "/Users/zhangjiangen/Documents/UGit/UnrealEngine425/Engine/Binaries/Mac";
				MACOSX_DEPLOYMENT_TARGET = 10.13;
				INFOPLIST_OUTPUT_FORMAT = xml;
				COMBINE_HIDPI_IMAGES = YES;
				SDKROOT = macosx;
				GCC_PRECOMPILE_PREFIX_HEADER = YES;
				GCC_PREFIX_HEADER = "/Users/zhangjiangen/Documents/UGit/UnrealEngine425/Engine/Source/Editor/UnrealEd/Public/UnrealEd.h";
			};
			name = "Debug";
		};
		B3FDB2C1A45A7D24B9F8398C /* "DebugGame" */ = {
			isa = XCBuildConfiguration;
			buildSettings = {
				VALID_ARCHS = "x86_64";
				SUPPORTED_PLATFORMS = "macosx";
				PRODUCT_NAME = "DatasmithSketchUp2020-Mac-DebugGame";
				CONFIGURATION_BUILD_DIR = "/Users/zhangjiangen/Documents/UGit/UnrealEngine425/Engine/Binaries/Mac";
				MACOSX_DEPLOYMENT_TARGET = 10.13;
				INFOPLIST_OUTPUT_FORMAT = xml;
				COMBINE_HIDPI_IMAGES = YES;
				SDKROOT = macosx;
				GCC_PRECOMPILE_PREFIX_HEADER = YES;
				GCC_PREFIX_HEADER = "/Users/zhangjiangen/Documents/UGit/UnrealEngine425/Engine/Source/Editor/UnrealEd/Public/UnrealEd.h";
			};
			name = "DebugGame";
		};
		2243FDB0723CB78E93C801F8 /* "Development" */ = {
			isa = XCBuildConfiguration;
			buildSettings = {
				VALID_ARCHS = "x86_64";
				SUPPORTED_PLATFORMS = "macosx";
				PRODUCT_NAME = "DatasmithSketchUp2020";
				CONFIGURATION_BUILD_DIR = "/Users/zhangjiangen/Documents/UGit/UnrealEngine425/Engine/Binaries/Mac";
				MACOSX_DEPLOYMENT_TARGET = 10.13;
				INFOPLIST_OUTPUT_FORMAT = xml;
				COMBINE_HIDPI_IMAGES = YES;
				SDKROOT = macosx;
				GCC_PRECOMPILE_PREFIX_HEADER = YES;
				GCC_PREFIX_HEADER = "/Users/zhangjiangen/Documents/UGit/UnrealEngine425/Engine/Source/Editor/UnrealEd/Public/UnrealEd.h";
			};
			name = "Development";
		};
		BD677BC9C34B395483F361D6 /* "Shipping" */ = {
			isa = XCBuildConfiguration;
			buildSettings = {
				VALID_ARCHS = "x86_64";
				SUPPORTED_PLATFORMS = "macosx";
				PRODUCT_NAME = "DatasmithSketchUp2020-Mac-Shipping";
				CONFIGURATION_BUILD_DIR = "/Users/zhangjiangen/Documents/UGit/UnrealEngine425/Engine/Binaries/Mac";
				MACOSX_DEPLOYMENT_TARGET = 10.13;
				INFOPLIST_OUTPUT_FORMAT = xml;
				COMBINE_HIDPI_IMAGES = YES;
				SDKROOT = macosx;
				GCC_PRECOMPILE_PREFIX_HEADER = YES;
				GCC_PREFIX_HEADER = "/Users/zhangjiangen/Documents/UGit/UnrealEngine425/Engine/Source/Editor/UnrealEd/Public/UnrealEd.h";
			};
			name = "Shipping";
		};
		F61F17602A285A208A904FA9 /* "Test" */ = {
			isa = XCBuildConfiguration;
			buildSettings = {
				VALID_ARCHS = "x86_64";
				SUPPORTED_PLATFORMS = "macosx";
				PRODUCT_NAME = "DatasmithSketchUp2020-Mac-Test";
				CONFIGURATION_BUILD_DIR = "/Users/zhangjiangen/Documents/UGit/UnrealEngine425/Engine/Binaries/Mac";
				MACOSX_DEPLOYMENT_TARGET = 10.13;
				INFOPLIST_OUTPUT_FORMAT = xml;
				COMBINE_HIDPI_IMAGES = YES;
				SDKROOT = macosx;
				GCC_PRECOMPILE_PREFIX_HEADER = YES;
				GCC_PREFIX_HEADER = "/Users/zhangjiangen/Documents/UGit/UnrealEngine425/Engine/Source/Editor/UnrealEd/Public/UnrealEd.h";
			};
			name = "Test";
		};
		359D91780BC471CD370F8F42 /* "Debug" */ = {
			isa = XCBuildConfiguration;
			buildSettings = {
				VALID_ARCHS = "x86_64";
				SUPPORTED_PLATFORMS = "macosx";
				GCC_PREPROCESSOR_DEFINITIONS = ();
				HEADER_SEARCH_PATHS = ();
				USER_HEADER_SEARCH_PATHS = ();
				UE_BUILD_TARGET_NAME = "DatasmithSketchUp2020";
				UE_BUILD_TARGET_CONFIG = "Debug";
			};
			name = "Debug";
		};
		5163C0662432213BFB2469E9 /* "DebugGame" */ = {
			isa = XCBuildConfiguration;
			buildSettings = {
				VALID_ARCHS = "x86_64";
				SUPPORTED_PLATFORMS = "macosx";
				GCC_PREPROCESSOR_DEFINITIONS = ();
				HEADER_SEARCH_PATHS = ();
				USER_HEADER_SEARCH_PATHS = ();
				UE_BUILD_TARGET_NAME = "DatasmithSketchUp2020";
				UE_BUILD_TARGET_CONFIG = "DebugGame";
			};
			name = "DebugGame";
		};
		E929BF4C991FB428BFCEBF0A /* "Development" */ = {
			isa = XCBuildConfiguration;
			buildSettings = {
				VALID_ARCHS = "x86_64";
				SUPPORTED_PLATFORMS = "macosx";
				GCC_PREPROCESSOR_DEFINITIONS = ();
				HEADER_SEARCH_PATHS = ();
				USER_HEADER_SEARCH_PATHS = ();
				UE_BUILD_TARGET_NAME = "DatasmithSketchUp2020";
				UE_BUILD_TARGET_CONFIG = "Development";
			};
			name = "Development";
		};
		7C381D3FC6B8C072F89DDDEB /* "Shipping" */ = {
			isa = XCBuildConfiguration;
			buildSettings = {
				VALID_ARCHS = "x86_64";
				SUPPORTED_PLATFORMS = "macosx";
				GCC_PREPROCESSOR_DEFINITIONS = ();
				HEADER_SEARCH_PATHS = ();
				USER_HEADER_SEARCH_PATHS = ();
				UE_BUILD_TARGET_NAME = "DatasmithSketchUp2020";
				UE_BUILD_TARGET_CONFIG = "Shipping";
			};
			name = "Shipping";
		};
		958EE4A101FCD50F7814668E /* "Test" */ = {
			isa = XCBuildConfiguration;
			buildSettings = {
				VALID_ARCHS = "x86_64";
				SUPPORTED_PLATFORMS = "macosx";
				GCC_PREPROCESSOR_DEFINITIONS = ();
				HEADER_SEARCH_PATHS = ();
				USER_HEADER_SEARCH_PATHS = ();
				UE_BUILD_TARGET_NAME = "DatasmithSketchUp2020";
				UE_BUILD_TARGET_CONFIG = "Test";
			};
			name = "Test";
		};
		AD4FDB57F058DB87DFFAA16D /* "Debug" */ = {
			isa = XCBuildConfiguration;
			buildSettings = {
				VALID_ARCHS = "x86_64";
				SUPPORTED_PLATFORMS = "macosx";
				PRODUCT_NAME = "DatasmithSketchUp2020-Mac-Debug";
				CONFIGURATION_BUILD_DIR = "/Users/zhangjiangen/Documents/UGit/UnrealEngine425/Engine/Binaries/Mac";
				MACOSX_DEPLOYMENT_TARGET = 10.13;
				INFOPLIST_OUTPUT_FORMAT = xml;
				COMBINE_HIDPI_IMAGES = YES;
				SDKROOT = macosx;
				GCC_PRECOMPILE_PREFIX_HEADER = YES;
				GCC_PREFIX_HEADER = "/Users/zhangjiangen/Documents/UGit/UnrealEngine425/Engine/Source/Editor/UnrealEd/Public/UnrealEd.h";
			};
			name = "Debug";
		};
		C0AC7054656D5F19D728A3F2 /* "DebugGame" */ = {
			isa = XCBuildConfiguration;
			buildSettings = {
				VALID_ARCHS = "x86_64";
				SUPPORTED_PLATFORMS = "macosx";
				PRODUCT_NAME = "DatasmithSketchUp2020-Mac-DebugGame";
				CONFIGURATION_BUILD_DIR = "/Users/zhangjiangen/Documents/UGit/UnrealEngine425/Engine/Binaries/Mac";
				MACOSX_DEPLOYMENT_TARGET = 10.13;
				INFOPLIST_OUTPUT_FORMAT = xml;
				COMBINE_HIDPI_IMAGES = YES;
				SDKROOT = macosx;
				GCC_PRECOMPILE_PREFIX_HEADER = YES;
				GCC_PREFIX_HEADER = "/Users/zhangjiangen/Documents/UGit/UnrealEngine425/Engine/Source/Editor/UnrealEd/Public/UnrealEd.h";
			};
			name = "DebugGame";
		};
		4F9CBF7E7054014837773121 /* "Development" */ = {
			isa = XCBuildConfiguration;
			buildSettings = {
				VALID_ARCHS = "x86_64";
				SUPPORTED_PLATFORMS = "macosx";
				PRODUCT_NAME = "DatasmithSketchUp2020";
				CONFIGURATION_BUILD_DIR = "/Users/zhangjiangen/Documents/UGit/UnrealEngine425/Engine/Binaries/Mac";
				MACOSX_DEPLOYMENT_TARGET = 10.13;
				INFOPLIST_OUTPUT_FORMAT = xml;
				COMBINE_HIDPI_IMAGES = YES;
				SDKROOT = macosx;
				GCC_PRECOMPILE_PREFIX_HEADER = YES;
				GCC_PREFIX_HEADER = "/Users/zhangjiangen/Documents/UGit/UnrealEngine425/Engine/Source/Editor/UnrealEd/Public/UnrealEd.h";
			};
			name = "Development";
		};
		7919B6AB6FE1F164016DC009 /* "Shipping" */ = {
			isa = XCBuildConfiguration;
			buildSettings = {
				VALID_ARCHS = "x86_64";
				SUPPORTED_PLATFORMS = "macosx";
				PRODUCT_NAME = "DatasmithSketchUp2020-Mac-Shipping";
				CONFIGURATION_BUILD_DIR = "/Users/zhangjiangen/Documents/UGit/UnrealEngine425/Engine/Binaries/Mac";
				MACOSX_DEPLOYMENT_TARGET = 10.13;
				INFOPLIST_OUTPUT_FORMAT = xml;
				COMBINE_HIDPI_IMAGES = YES;
				SDKROOT = macosx;
				GCC_PRECOMPILE_PREFIX_HEADER = YES;
				GCC_PREFIX_HEADER = "/Users/zhangjiangen/Documents/UGit/UnrealEngine425/Engine/Source/Editor/UnrealEd/Public/UnrealEd.h";
			};
			name = "Shipping";
		};
		32D4341BFF609DA9FA7DB450 /* "Test" */ = {
			isa = XCBuildConfiguration;
			buildSettings = {
				VALID_ARCHS = "x86_64";
				SUPPORTED_PLATFORMS = "macosx";
				PRODUCT_NAME = "DatasmithSketchUp2020-Mac-Test";
				CONFIGURATION_BUILD_DIR = "/Users/zhangjiangen/Documents/UGit/UnrealEngine425/Engine/Binaries/Mac";
				MACOSX_DEPLOYMENT_TARGET = 10.13;
				INFOPLIST_OUTPUT_FORMAT = xml;
				COMBINE_HIDPI_IMAGES = YES;
				SDKROOT = macosx;
				GCC_PRECOMPILE_PREFIX_HEADER = YES;
				GCC_PREFIX_HEADER = "/Users/zhangjiangen/Documents/UGit/UnrealEngine425/Engine/Source/Editor/UnrealEd/Public/UnrealEd.h";
			};
			name = "Test";
		};
/* End XCBuildConfiguration section */

/* Begin XCConfigurationList section */
		EF299EE88C15153080B26630 /* Build configuration list for PBXProject "DatasmithSketchUp2020" */ = {
			isa = XCConfigurationList;
			buildConfigurations = (
				229D94AD504576BD861528B5 /* "Debug" */,
				0E2103C55CE3A922E39378B2 /* "DebugGame" */,
				A619E3847C7DB315E87774F9 /* "Development" */,
				6FAEA69B71145EDE18EB9B52 /* "Shipping" */,
				D83885EC3DDC9D7C4DD01E38 /* "Test" */,
			);
			defaultConfigurationIsVisible = 0;
			defaultConfigurationName = Development;
		};
		28E0E558372290EF60FA7362 /* Build configuration list for PBXLegacyTarget "DatasmithSketchUp2020_Build" */ = {
			isa = XCConfigurationList;
			buildConfigurations = (
				359D91780BC471CD370F8F42 /* "Debug" */,
				5163C0662432213BFB2469E9 /* "DebugGame" */,
				E929BF4C991FB428BFCEBF0A /* "Development" */,
				7C381D3FC6B8C072F89DDDEB /* "Shipping" */,
				958EE4A101FCD50F7814668E /* "Test" */,
			);
			defaultConfigurationIsVisible = 0;
			defaultConfigurationName = Development;
		};
		E094189D1BF7EEC483D9C57E /* Build configuration list for PBXNativeTarget "DatasmithSketchUp2020" */ = {
			isa = XCConfigurationList;
			buildConfigurations = (
				33493BE6DB2CBAB0BE00BA00 /* "Debug" */,
				B3FDB2C1A45A7D24B9F8398C /* "DebugGame" */,
				2243FDB0723CB78E93C801F8 /* "Development" */,
				BD677BC9C34B395483F361D6 /* "Shipping" */,
				F61F17602A285A208A904FA9 /* "Test" */,
			);
			defaultConfigurationIsVisible = 0;
			defaultConfigurationName = Development;
		};
		F207694780B5BDEE6D1E15F4 /* Build configuration list for PBXNativeTarget "DatasmithSketchUp2020_Index" */ = {
			isa = XCConfigurationList;
			buildConfigurations = (
				AD4FDB57F058DB87DFFAA16D /* "Debug" */,
				C0AC7054656D5F19D728A3F2 /* "DebugGame" */,
				4F9CBF7E7054014837773121 /* "Development" */,
				7919B6AB6FE1F164016DC009 /* "Shipping" */,
				32D4341BFF609DA9FA7DB450 /* "Test" */,
			);
			defaultConfigurationIsVisible = 0;
			defaultConfigurationName = Development;
		};
/* End XCConfigurationList section */
	};
	rootObject = FA28455CAC5376B437D6DE90 /* Project object */;
}
