// !$*UTF8*$!
{
	archiveVersion = 1;
	classes = {
	};
	objectVersion = 46;
	objects = {

/* Begin PBXBuildFile section */
		34DF79E2EDFE67416BEF77BF /* DatasmithMax2018.Target.cs in Sources */ = {isa = PBXBuildFile; fileRef = 6BB943E2C40AE476452D4EE3 /* DatasmithMax2018.Target.cs */; };
/* End PBXBuildFile section */

/* Begin PBXFileReference section */
		6BB943E2C40AE476452D4EE3 /* DatasmithMax2018.Target.cs */ = {isa = PBXFileReference; explicitFileType = file.text; name = "DatasmithMax2018.Target.cs"; path = "../../Source/Programs/Enterprise/Datasmith/DatasmithMaxExporter/DatasmithMax2018.Target.cs"; sourceTree = SOURCE_ROOT; };
		DE85ABE59529169672F7F567 /* DatasmithMax2018 */ = {isa = PBXFileReference; explicitFileType = wrapper.application; path = DatasmithMax2018; sourceTree = BUILT_PRODUCTS_DIR; };
/* End PBXFileReference section */

/* Begin PBXSourcesBuildPhase section */
		CB4270F0A78318B1D46E46E2 = {
			isa = PBXSourcesBuildPhase;
			buildActionMask = 2147483647;
			files = (
			);
			runOnlyForDeploymentPostprocessing = 0;
		};
/* End PBXSourcesBuildPhase section */

/* Begin PBXCopyFilesBuildPhase section */
	6CAD28B35C897EAE0A4224BF /* Embed App Extensions */ = {
		isa = PBXCopyFilesBuildPhase;
		buildActionMask = 2147483647;
		dstPath = "";
		dstSubfolderSpec = 13;
		files = (
		);
		name = "Embed App Extensions";
		runOnlyForDeploymentPostprocessing = 0;
	};
/* End PBXCopyFilesBuildPhase section */
/* Begin PBXContainerItemProxy section */
		F5A411FA29E83FB621598731 /* PBXContainerItemProxy */ = {
			isa = PBXContainerItemProxy;
			containerPortal = DE97249A3CEE68460E66DDA8 /* Project object */;
			proxyType = 1;
			remoteGlobalIDString = 4B0C2C8331C0D6444A3CC959;
			remoteInfo = "DatasmithMax2018_Build";
		};
/* End PBXContainerItemProxy section */

/* Begin PBXTargetDependency section */
		608536DC4B516E5F7EE33B7E /* PBXTargetDependency */ = {
			isa = PBXTargetDependency;
			target = 4B0C2C8331C0D6444A3CC959 /* DatasmithMax2018_Build */;
			targetProxy = F5A411FA29E83FB621598731 /* PBXContainerItemProxy */;
		};
/* End PBXTargetDependency section */

/* Begin PBXGroup section */
		545982BB1E5B0A542A487635 = {
			isa = PBXGroup;
			children = (
				6BB943E2C40AE476452D4EE3 /* DatasmithMax2018.Target.cs */,
				8071C0C041670E55DEDC6802 /* Products */,
			);
			sourceTree = "<group>";
		};
		8071C0C041670E55DEDC6802 /* Products */ = {
			isa = PBXGroup;
			children = (
				DE85ABE59529169672F7F567 /* DatasmithMax2018 */,
			);
			name = Products;
			sourceTree = "<group>";
		};
/* End PBXGroup section */

/* Begin PBXLegacyTarget section */
		4B0C2C8331C0D6444A3CC959 /* DatasmithMax2018_Build */ = {
			isa = PBXLegacyTarget;
			buildArgumentsString = "$(ACTION) $(UE_BUILD_TARGET_NAME) $(PLATFORM_NAME) $(UE_BUILD_TARGET_CONFIG)";
			buildConfigurationList = 86154A7F72D8BA06FE05FDC6 /* Build configuration list for PBXLegacyTarget "DatasmithMax2018_Build" */;
			buildPhases = (
			);
			buildToolPath = "/Users/zhangjiangen/Documents/UGit/UnrealEngine425/Engine/Build/BatchFiles/Mac/XcodeBuild.sh";
			buildWorkingDirectory = "/Users/zhangjiangen/Documents/UGit/UnrealEngine425";
			dependencies = (
			);
			name = "DatasmithMax2018_Build";
			passBuildSettingsInEnvironment = 1;
			productName = "DatasmithMax2018_Build";
		};
/* End PBXLegacyTarget section */

/* Begin PBXNativeTarget section */
		4802D355EC82E878D4A02055 /* DatasmithMax2018 */ = {
			isa = PBXNativeTarget;
			buildConfigurationList = 2786BBBEFE970F7367B18FDB /* Build configuration list for PBXNativeTarget "DatasmithMax2018" */;
			buildPhases = (
				6CAD28B35C897EAE0A4224BF /* Embed App Extensions */, 
				0AEA9AFF1F6ED777F180EFDC /* Shell Script */, 
			);
			dependencies = (
				608536DC4B516E5F7EE33B7E /* PBXTargetDependency */,
			);
			name = "DatasmithMax2018";
			passBuildSettingsInEnvironment = 1;
			productName = "DatasmithMax2018";
			productReference = "DE85ABE59529169672F7F567";
			productType = "com.apple.product-type.application";
		};
/* End PBXNativeTarget section */

/* Begin PBXNativeTarget section */
		A589C955CCA50BFDAFAAAE1C /* DatasmithMax2018_Index */ = {
			isa = PBXNativeTarget;
			buildConfigurationList = BBBC84608343E7A2BC515F80 /* Build configuration list for PBXNativeTarget "DatasmithMax2018_Index" */;
			buildPhases = (
				CB4270F0A78318B1D46E46E2 /* Sources */,
			);
			dependencies = (
			);
			name = "DatasmithMax2018_Index";
			passBuildSettingsInEnvironment = 1;
			productName = "DatasmithMax2018_Index";
			productType = "com.apple.product-type.library.static";
		};
/* End PBXNativeTarget section */

/* Begin PBXProject section */
		DE97249A3CEE68460E66DDA8 /* Project object */ = {
			isa = PBXProject;
			attributes = {
				LastUpgradeCheck = 2000;
				ORGANIZATIONNAME = "Epic Games, Inc.";
				TargetAttributes = {
					4802D355EC82E878D4A02055 = {
						ProvisioningStyle = Manual;
					};
				};
			};
			buildConfigurationList = F78177A431CBAADB672DC3B6 /* Build configuration list for PBXProject "DatasmithMax2018" */;
			compatibilityVersion = "Xcode 8.0";
			developmentRegion = English;
			hasScannedForEncodings = 0;
			knownRegions = (
				en
			);
			mainGroup = 545982BB1E5B0A542A487635;
			productRefGroup = 8071C0C041670E55DEDC6802;
			projectDirPath = "";
			projectRoot = "";
			targets = (
			4802D355EC82E878D4A02055 /* DatasmithMax2018 */,
			4B0C2C8331C0D6444A3CC959 /* DatasmithMax2018_Build */,
			A589C955CCA50BFDAFAAAE1C /* DatasmithMax2018_Index */,
			);
		};
/* End PBXProject section */

/* Begin XCBuildConfiguration section */
		EA19ACA630C561122BDD5494 /* "Debug" */ = {
			isa = XCBuildConfiguration;
			buildSettings = {
				GCC_PREPROCESSOR_DEFINITIONS = (
					"__INTELLISENSE__",
					"MONOLITHIC_BUILD=1",
				);
				HEADER_SEARCH_PATHS = (
				);
				USER_HEADER_SEARCH_PATHS = (
				);
				ONLY_ACTIVE_ARCH = YES;
				ENABLE_TESTABILITY = YES;
				ALWAYS_SEARCH_USER_PATHS = NO;
				CLANG_CXX_LANGUAGE_STANDARD = "c++14";
				GCC_ENABLE_CPP_RTTI = NO;
				GCC_WARN_CHECK_SWITCH_STATEMENTS = NO;
				USE_HEADERMAP = NO;
			};
			name = "Debug";
		};
		758119368966BD3932EFBD16 /* "DebugGame" */ = {
			isa = XCBuildConfiguration;
			buildSettings = {
				GCC_PREPROCESSOR_DEFINITIONS = (
					"__INTELLISENSE__",
					"MONOLITHIC_BUILD=1",
				);
				HEADER_SEARCH_PATHS = (
				);
				USER_HEADER_SEARCH_PATHS = (
				);
				ALWAYS_SEARCH_USER_PATHS = NO;
				CLANG_CXX_LANGUAGE_STANDARD = "c++14";
				GCC_ENABLE_CPP_RTTI = NO;
				GCC_WARN_CHECK_SWITCH_STATEMENTS = NO;
				USE_HEADERMAP = NO;
			};
			name = "DebugGame";
		};
		9637402D2ECD32BE0992FBD7 /* "Development" */ = {
			isa = XCBuildConfiguration;
			buildSettings = {
				GCC_PREPROCESSOR_DEFINITIONS = (
					"__INTELLISENSE__",
					"MONOLITHIC_BUILD=1",
				);
				HEADER_SEARCH_PATHS = (
				);
				USER_HEADER_SEARCH_PATHS = (
				);
				ALWAYS_SEARCH_USER_PATHS = NO;
				CLANG_CXX_LANGUAGE_STANDARD = "c++14";
				GCC_ENABLE_CPP_RTTI = NO;
				GCC_WARN_CHECK_SWITCH_STATEMENTS = NO;
				USE_HEADERMAP = NO;
			};
			name = "Development";
		};
		7397233FA9AADA308F0F27AD /* "Shipping" */ = {
			isa = XCBuildConfiguration;
			buildSettings = {
				GCC_PREPROCESSOR_DEFINITIONS = (
					"__INTELLISENSE__",
					"MONOLITHIC_BUILD=1",
				);
				HEADER_SEARCH_PATHS = (
				);
				USER_HEADER_SEARCH_PATHS = (
				);
				ALWAYS_SEARCH_USER_PATHS = NO;
				CLANG_CXX_LANGUAGE_STANDARD = "c++14";
				GCC_ENABLE_CPP_RTTI = NO;
				GCC_WARN_CHECK_SWITCH_STATEMENTS = NO;
				USE_HEADERMAP = NO;
			};
			name = "Shipping";
		};
		198FFC98559CA03D98521A75 /* "Test" */ = {
			isa = XCBuildConfiguration;
			buildSettings = {
				GCC_PREPROCESSOR_DEFINITIONS = (
					"__INTELLISENSE__",
					"MONOLITHIC_BUILD=1",
				);
				HEADER_SEARCH_PATHS = (
				);
				USER_HEADER_SEARCH_PATHS = (
				);
				ALWAYS_SEARCH_USER_PATHS = NO;
				CLANG_CXX_LANGUAGE_STANDARD = "c++14";
				GCC_ENABLE_CPP_RTTI = NO;
				GCC_WARN_CHECK_SWITCH_STATEMENTS = NO;
				USE_HEADERMAP = NO;
			};
			name = "Test";
		};
		3F5AF9555EBAF7891EB1E6BC /* "Debug" */ = {
			isa = XCBuildConfiguration;
			buildSettings = {
				VALID_ARCHS = "x86_64";
				SUPPORTED_PLATFORMS = "macosx";
				PRODUCT_NAME = "DatasmithMax2018-Mac-Debug";
				CONFIGURATION_BUILD_DIR = "/Users/zhangjiangen/Documents/UGit/UnrealEngine425/Engine/Binaries/Mac";
				MACOSX_DEPLOYMENT_TARGET = 10.13;
				INFOPLIST_OUTPUT_FORMAT = xml;
				COMBINE_HIDPI_IMAGES = YES;
				SDKROOT = macosx;
				GCC_PRECOMPILE_PREFIX_HEADER = YES;
				GCC_PREFIX_HEADER = "/Users/zhangjiangen/Documents/UGit/UnrealEngine425/Engine/Source/Editor/UnrealEd/Public/UnrealEd.h";
			};
			name = "Debug";
		};
		34FB7B5DEC68D7F392B67886 /* "DebugGame" */ = {
			isa = XCBuildConfiguration;
			buildSettings = {
				VALID_ARCHS = "x86_64";
				SUPPORTED_PLATFORMS = "macosx";
				PRODUCT_NAME = "DatasmithMax2018-Mac-DebugGame";
				CONFIGURATION_BUILD_DIR = "/Users/zhangjiangen/Documents/UGit/UnrealEngine425/Engine/Binaries/Mac";
				MACOSX_DEPLOYMENT_TARGET = 10.13;
				INFOPLIST_OUTPUT_FORMAT = xml;
				COMBINE_HIDPI_IMAGES = YES;
				SDKROOT = macosx;
				GCC_PRECOMPILE_PREFIX_HEADER = YES;
				GCC_PREFIX_HEADER = "/Users/zhangjiangen/Documents/UGit/UnrealEngine425/Engine/Source/Editor/UnrealEd/Public/UnrealEd.h";
			};
			name = "DebugGame";
		};
		BEB11C78C9DABE670B65A831 /* "Development" */ = {
			isa = XCBuildConfiguration;
			buildSettings = {
				VALID_ARCHS = "x86_64";
				SUPPORTED_PLATFORMS = "macosx";
				PRODUCT_NAME = "DatasmithMax2018";
				CONFIGURATION_BUILD_DIR = "/Users/zhangjiangen/Documents/UGit/UnrealEngine425/Engine/Binaries/Mac";
				MACOSX_DEPLOYMENT_TARGET = 10.13;
				INFOPLIST_OUTPUT_FORMAT = xml;
				COMBINE_HIDPI_IMAGES = YES;
				SDKROOT = macosx;
				GCC_PRECOMPILE_PREFIX_HEADER = YES;
				GCC_PREFIX_HEADER = "/Users/zhangjiangen/Documents/UGit/UnrealEngine425/Engine/Source/Editor/UnrealEd/Public/UnrealEd.h";
			};
			name = "Development";
		};
		682F177D252736FC3B36FED0 /* "Shipping" */ = {
			isa = XCBuildConfiguration;
			buildSettings = {
				VALID_ARCHS = "x86_64";
				SUPPORTED_PLATFORMS = "macosx";
				PRODUCT_NAME = "DatasmithMax2018-Mac-Shipping";
				CONFIGURATION_BUILD_DIR = "/Users/zhangjiangen/Documents/UGit/UnrealEngine425/Engine/Binaries/Mac";
				MACOSX_DEPLOYMENT_TARGET = 10.13;
				INFOPLIST_OUTPUT_FORMAT = xml;
				COMBINE_HIDPI_IMAGES = YES;
				SDKROOT = macosx;
				GCC_PRECOMPILE_PREFIX_HEADER = YES;
				GCC_PREFIX_HEADER = "/Users/zhangjiangen/Documents/UGit/UnrealEngine425/Engine/Source/Editor/UnrealEd/Public/UnrealEd.h";
			};
			name = "Shipping";
		};
		DD00D7099DADC4E0A00714F8 /* "Test" */ = {
			isa = XCBuildConfiguration;
			buildSettings = {
				VALID_ARCHS = "x86_64";
				SUPPORTED_PLATFORMS = "macosx";
				PRODUCT_NAME = "DatasmithMax2018-Mac-Test";
				CONFIGURATION_BUILD_DIR = "/Users/zhangjiangen/Documents/UGit/UnrealEngine425/Engine/Binaries/Mac";
				MACOSX_DEPLOYMENT_TARGET = 10.13;
				INFOPLIST_OUTPUT_FORMAT = xml;
				COMBINE_HIDPI_IMAGES = YES;
				SDKROOT = macosx;
				GCC_PRECOMPILE_PREFIX_HEADER = YES;
				GCC_PREFIX_HEADER = "/Users/zhangjiangen/Documents/UGit/UnrealEngine425/Engine/Source/Editor/UnrealEd/Public/UnrealEd.h";
			};
			name = "Test";
		};
		E919916597CEF1EBBD4CC842 /* "Debug" */ = {
			isa = XCBuildConfiguration;
			buildSettings = {
				VALID_ARCHS = "x86_64";
				SUPPORTED_PLATFORMS = "macosx";
				GCC_PREPROCESSOR_DEFINITIONS = ();
				HEADER_SEARCH_PATHS = ();
				USER_HEADER_SEARCH_PATHS = ();
				UE_BUILD_TARGET_NAME = "DatasmithMax2018";
				UE_BUILD_TARGET_CONFIG = "Debug";
			};
			name = "Debug";
		};
		3BB2A80C1DBA26E358CCF015 /* "DebugGame" */ = {
			isa = XCBuildConfiguration;
			buildSettings = {
				VALID_ARCHS = "x86_64";
				SUPPORTED_PLATFORMS = "macosx";
				GCC_PREPROCESSOR_DEFINITIONS = ();
				HEADER_SEARCH_PATHS = ();
				USER_HEADER_SEARCH_PATHS = ();
				UE_BUILD_TARGET_NAME = "DatasmithMax2018";
				UE_BUILD_TARGET_CONFIG = "DebugGame";
			};
			name = "DebugGame";
		};
		06806402A68C6CD3A0C275E5 /* "Development" */ = {
			isa = XCBuildConfiguration;
			buildSettings = {
				VALID_ARCHS = "x86_64";
				SUPPORTED_PLATFORMS = "macosx";
				GCC_PREPROCESSOR_DEFINITIONS = ();
				HEADER_SEARCH_PATHS = ();
				USER_HEADER_SEARCH_PATHS = ();
				UE_BUILD_TARGET_NAME = "DatasmithMax2018";
				UE_BUILD_TARGET_CONFIG = "Development";
			};
			name = "Development";
		};
		2433CDD95985717AE8878E0F /* "Shipping" */ = {
			isa = XCBuildConfiguration;
			buildSettings = {
				VALID_ARCHS = "x86_64";
				SUPPORTED_PLATFORMS = "macosx";
				GCC_PREPROCESSOR_DEFINITIONS = ();
				HEADER_SEARCH_PATHS = ();
				USER_HEADER_SEARCH_PATHS = ();
				UE_BUILD_TARGET_NAME = "DatasmithMax2018";
				UE_BUILD_TARGET_CONFIG = "Shipping";
			};
			name = "Shipping";
		};
		FC3F14F7DF94FF1C1062BFCA /* "Test" */ = {
			isa = XCBuildConfiguration;
			buildSettings = {
				VALID_ARCHS = "x86_64";
				SUPPORTED_PLATFORMS = "macosx";
				GCC_PREPROCESSOR_DEFINITIONS = ();
				HEADER_SEARCH_PATHS = ();
				USER_HEADER_SEARCH_PATHS = ();
				UE_BUILD_TARGET_NAME = "DatasmithMax2018";
				UE_BUILD_TARGET_CONFIG = "Test";
			};
			name = "Test";
		};
		DCD77E45E111942C9605C0C4 /* "Debug" */ = {
			isa = XCBuildConfiguration;
			buildSettings = {
				VALID_ARCHS = "x86_64";
				SUPPORTED_PLATFORMS = "macosx";
				PRODUCT_NAME = "DatasmithMax2018-Mac-Debug";
				CONFIGURATION_BUILD_DIR = "/Users/zhangjiangen/Documents/UGit/UnrealEngine425/Engine/Binaries/Mac";
				MACOSX_DEPLOYMENT_TARGET = 10.13;
				INFOPLIST_OUTPUT_FORMAT = xml;
				COMBINE_HIDPI_IMAGES = YES;
				SDKROOT = macosx;
				GCC_PRECOMPILE_PREFIX_HEADER = YES;
				GCC_PREFIX_HEADER = "/Users/zhangjiangen/Documents/UGit/UnrealEngine425/Engine/Source/Editor/UnrealEd/Public/UnrealEd.h";
			};
			name = "Debug";
		};
		B5BA62568E8F0FEC196711E5 /* "DebugGame" */ = {
			isa = XCBuildConfiguration;
			buildSettings = {
				VALID_ARCHS = "x86_64";
				SUPPORTED_PLATFORMS = "macosx";
				PRODUCT_NAME = "DatasmithMax2018-Mac-DebugGame";
				CONFIGURATION_BUILD_DIR = "/Users/zhangjiangen/Documents/UGit/UnrealEngine425/Engine/Binaries/Mac";
				MACOSX_DEPLOYMENT_TARGET = 10.13;
				INFOPLIST_OUTPUT_FORMAT = xml;
				COMBINE_HIDPI_IMAGES = YES;
				SDKROOT = macosx;
				GCC_PRECOMPILE_PREFIX_HEADER = YES;
				GCC_PREFIX_HEADER = "/Users/zhangjiangen/Documents/UGit/UnrealEngine425/Engine/Source/Editor/UnrealEd/Public/UnrealEd.h";
			};
			name = "DebugGame";
		};
		79F8B58B9A310C22BF8B98DC /* "Development" */ = {
			isa = XCBuildConfiguration;
			buildSettings = {
				VALID_ARCHS = "x86_64";
				SUPPORTED_PLATFORMS = "macosx";
				PRODUCT_NAME = "DatasmithMax2018";
				CONFIGURATION_BUILD_DIR = "/Users/zhangjiangen/Documents/UGit/UnrealEngine425/Engine/Binaries/Mac";
				MACOSX_DEPLOYMENT_TARGET = 10.13;
				INFOPLIST_OUTPUT_FORMAT = xml;
				COMBINE_HIDPI_IMAGES = YES;
				SDKROOT = macosx;
				GCC_PRECOMPILE_PREFIX_HEADER = YES;
				GCC_PREFIX_HEADER = "/Users/zhangjiangen/Documents/UGit/UnrealEngine425/Engine/Source/Editor/UnrealEd/Public/UnrealEd.h";
			};
			name = "Development";
		};
		682D2AF6E744566AD008226A /* "Shipping" */ = {
			isa = XCBuildConfiguration;
			buildSettings = {
				VALID_ARCHS = "x86_64";
				SUPPORTED_PLATFORMS = "macosx";
				PRODUCT_NAME = "DatasmithMax2018-Mac-Shipping";
				CONFIGURATION_BUILD_DIR = "/Users/zhangjiangen/Documents/UGit/UnrealEngine425/Engine/Binaries/Mac";
				MACOSX_DEPLOYMENT_TARGET = 10.13;
				INFOPLIST_OUTPUT_FORMAT = xml;
				COMBINE_HIDPI_IMAGES = YES;
				SDKROOT = macosx;
				GCC_PRECOMPILE_PREFIX_HEADER = YES;
				GCC_PREFIX_HEADER = "/Users/zhangjiangen/Documents/UGit/UnrealEngine425/Engine/Source/Editor/UnrealEd/Public/UnrealEd.h";
			};
			name = "Shipping";
		};
		89D8254CE651771612B419E6 /* "Test" */ = {
			isa = XCBuildConfiguration;
			buildSettings = {
				VALID_ARCHS = "x86_64";
				SUPPORTED_PLATFORMS = "macosx";
				PRODUCT_NAME = "DatasmithMax2018-Mac-Test";
				CONFIGURATION_BUILD_DIR = "/Users/zhangjiangen/Documents/UGit/UnrealEngine425/Engine/Binaries/Mac";
				MACOSX_DEPLOYMENT_TARGET = 10.13;
				INFOPLIST_OUTPUT_FORMAT = xml;
				COMBINE_HIDPI_IMAGES = YES;
				SDKROOT = macosx;
				GCC_PRECOMPILE_PREFIX_HEADER = YES;
				GCC_PREFIX_HEADER = "/Users/zhangjiangen/Documents/UGit/UnrealEngine425/Engine/Source/Editor/UnrealEd/Public/UnrealEd.h";
			};
			name = "Test";
		};
/* End XCBuildConfiguration section */

/* Begin XCConfigurationList section */
		F78177A431CBAADB672DC3B6 /* Build configuration list for PBXProject "DatasmithMax2018" */ = {
			isa = XCConfigurationList;
			buildConfigurations = (
				EA19ACA630C561122BDD5494 /* "Debug" */,
				758119368966BD3932EFBD16 /* "DebugGame" */,
				9637402D2ECD32BE0992FBD7 /* "Development" */,
				7397233FA9AADA308F0F27AD /* "Shipping" */,
				198FFC98559CA03D98521A75 /* "Test" */,
			);
			defaultConfigurationIsVisible = 0;
			defaultConfigurationName = Development;
		};
		86154A7F72D8BA06FE05FDC6 /* Build configuration list for PBXLegacyTarget "DatasmithMax2018_Build" */ = {
			isa = XCConfigurationList;
			buildConfigurations = (
				E919916597CEF1EBBD4CC842 /* "Debug" */,
				3BB2A80C1DBA26E358CCF015 /* "DebugGame" */,
				06806402A68C6CD3A0C275E5 /* "Development" */,
				2433CDD95985717AE8878E0F /* "Shipping" */,
				FC3F14F7DF94FF1C1062BFCA /* "Test" */,
			);
			defaultConfigurationIsVisible = 0;
			defaultConfigurationName = Development;
		};
		2786BBBEFE970F7367B18FDB /* Build configuration list for PBXNativeTarget "DatasmithMax2018" */ = {
			isa = XCConfigurationList;
			buildConfigurations = (
				3F5AF9555EBAF7891EB1E6BC /* "Debug" */,
				34FB7B5DEC68D7F392B67886 /* "DebugGame" */,
				BEB11C78C9DABE670B65A831 /* "Development" */,
				682F177D252736FC3B36FED0 /* "Shipping" */,
				DD00D7099DADC4E0A00714F8 /* "Test" */,
			);
			defaultConfigurationIsVisible = 0;
			defaultConfigurationName = Development;
		};
		BBBC84608343E7A2BC515F80 /* Build configuration list for PBXNativeTarget "DatasmithMax2018_Index" */ = {
			isa = XCConfigurationList;
			buildConfigurations = (
				DCD77E45E111942C9605C0C4 /* "Debug" */,
				B5BA62568E8F0FEC196711E5 /* "DebugGame" */,
				79F8B58B9A310C22BF8B98DC /* "Development" */,
				682D2AF6E744566AD008226A /* "Shipping" */,
				89D8254CE651771612B419E6 /* "Test" */,
			);
			defaultConfigurationIsVisible = 0;
			defaultConfigurationName = Development;
		};
/* End XCConfigurationList section */
	};
	rootObject = DE97249A3CEE68460E66DDA8 /* Project object */;
}
