// !$*UTF8*$!
{
	archiveVersion = 1;
	classes = {
	};
	objectVersion = 46;
	objects = {

/* Begin PBXBuildFile section */
		A48FF156056899A121A71EAE /* DatasmithSketchUp2019.Target.cs in Sources */ = {isa = PBXBuildFile; fileRef = 44E255181EFDFEA6C22E41F5 /* DatasmithSketchUp2019.Target.cs */; };
/* End PBXBuildFile section */

/* Begin PBXFileReference section */
		44E255181EFDFEA6C22E41F5 /* DatasmithSketchUp2019.Target.cs */ = {isa = PBXFileReference; explicitFileType = file.text; name = "DatasmithSketchUp2019.Target.cs"; path = "../../Source/Programs/Enterprise/Datasmith/DatasmithSketchUpExporter/DatasmithSketchUp2019.Target.cs"; sourceTree = SOURCE_ROOT; };
		BE9A8F28242B28763479D615 /* DatasmithSketchUp2019 */ = {isa = PBXFileReference; explicitFileType = wrapper.application; path = DatasmithSketchUp2019; sourceTree = BUILT_PRODUCTS_DIR; };
/* End PBXFileReference section */

/* Begin PBXSourcesBuildPhase section */
		38AB76B479502C92A1DE45DD = {
			isa = PBXSourcesBuildPhase;
			buildActionMask = 2147483647;
			files = (
			);
			runOnlyForDeploymentPostprocessing = 0;
		};
/* End PBXSourcesBuildPhase section */

/* Begin PBXCopyFilesBuildPhase section */
	65F6BDE9BAF59896F092BBFE /* Embed App Extensions */ = {
		isa = PBXCopyFilesBuildPhase;
		buildActionMask = 2147483647;
		dstPath = "";
		dstSubfolderSpec = 13;
		files = (
		);
		name = "Embed App Extensions";
		runOnlyForDeploymentPostprocessing = 0;
	};
/* End PBXCopyFilesBuildPhase section */
/* Begin PBXContainerItemProxy section */
		F6DBC6B1E0A4092CD2274728 /* PBXContainerItemProxy */ = {
			isa = PBXContainerItemProxy;
			containerPortal = B9D815824B891DF738AE6AF6 /* Project object */;
			proxyType = 1;
			remoteGlobalIDString = 92958CE0B712FE76C6B1B18D;
			remoteInfo = "DatasmithSketchUp2019_Build";
		};
/* End PBXContainerItemProxy section */

/* Begin PBXTargetDependency section */
		733EC31A7805EAAE0F06864F /* PBXTargetDependency */ = {
			isa = PBXTargetDependency;
			target = 92958CE0B712FE76C6B1B18D /* DatasmithSketchUp2019_Build */;
			targetProxy = F6DBC6B1E0A4092CD2274728 /* PBXContainerItemProxy */;
		};
/* End PBXTargetDependency section */

/* Begin PBXGroup section */
		3C6D2326394FF4745DF12A05 = {
			isa = PBXGroup;
			children = (
				44E255181EFDFEA6C22E41F5 /* DatasmithSketchUp2019.Target.cs */,
				FA98327B93281269BE7E380D /* Products */,
			);
			sourceTree = "<group>";
		};
		FA98327B93281269BE7E380D /* Products */ = {
			isa = PBXGroup;
			children = (
				BE9A8F28242B28763479D615 /* DatasmithSketchUp2019 */,
			);
			name = Products;
			sourceTree = "<group>";
		};
/* End PBXGroup section */

/* Begin PBXLegacyTarget section */
		92958CE0B712FE76C6B1B18D /* DatasmithSketchUp2019_Build */ = {
			isa = PBXLegacyTarget;
			buildArgumentsString = "$(ACTION) $(UE_BUILD_TARGET_NAME) $(PLATFORM_NAME) $(UE_BUILD_TARGET_CONFIG)";
			buildConfigurationList = C48B724F60B22E4CF79B5CDD /* Build configuration list for PBXLegacyTarget "DatasmithSketchUp2019_Build" */;
			buildPhases = (
			);
			buildToolPath = "/Users/zhangjiangen/Documents/UGit/UnrealEngine425/Engine/Build/BatchFiles/Mac/XcodeBuild.sh";
			buildWorkingDirectory = "/Users/zhangjiangen/Documents/UGit/UnrealEngine425";
			dependencies = (
			);
			name = "DatasmithSketchUp2019_Build";
			passBuildSettingsInEnvironment = 1;
			productName = "DatasmithSketchUp2019_Build";
		};
/* End PBXLegacyTarget section */

/* Begin PBXNativeTarget section */
		DF137A495455AF04E6A1C10E /* DatasmithSketchUp2019 */ = {
			isa = PBXNativeTarget;
			buildConfigurationList = 7C4D00A8698B3D52F369DE01 /* Build configuration list for PBXNativeTarget "DatasmithSketchUp2019" */;
			buildPhases = (
				65F6BDE9BAF59896F092BBFE /* Embed App Extensions */, 
				020C7F4314CD78BD3516ED8D /* Shell Script */, 
			);
			dependencies = (
				733EC31A7805EAAE0F06864F /* PBXTargetDependency */,
			);
			name = "DatasmithSketchUp2019";
			passBuildSettingsInEnvironment = 1;
			productName = "DatasmithSketchUp2019";
			productReference = "BE9A8F28242B28763479D615";
			productType = "com.apple.product-type.application";
		};
/* End PBXNativeTarget section */

/* Begin PBXNativeTarget section */
		76C18AE4DE101A7D05B11F4B /* DatasmithSketchUp2019_Index */ = {
			isa = PBXNativeTarget;
			buildConfigurationList = 182875C028D0610CE9016498 /* Build configuration list for PBXNativeTarget "DatasmithSketchUp2019_Index" */;
			buildPhases = (
				38AB76B479502C92A1DE45DD /* Sources */,
			);
			dependencies = (
			);
			name = "DatasmithSketchUp2019_Index";
			passBuildSettingsInEnvironment = 1;
			productName = "DatasmithSketchUp2019_Index";
			productType = "com.apple.product-type.library.static";
		};
/* End PBXNativeTarget section */

/* Begin PBXProject section */
		B9D815824B891DF738AE6AF6 /* Project object */ = {
			isa = PBXProject;
			attributes = {
				LastUpgradeCheck = 2000;
				ORGANIZATIONNAME = "Epic Games, Inc.";
				TargetAttributes = {
					DF137A495455AF04E6A1C10E = {
						ProvisioningStyle = Manual;
					};
				};
			};
			buildConfigurationList = 871A97B6963488136C273637 /* Build configuration list for PBXProject "DatasmithSketchUp2019" */;
			compatibilityVersion = "Xcode 8.0";
			developmentRegion = English;
			hasScannedForEncodings = 0;
			knownRegions = (
				en
			);
			mainGroup = 3C6D2326394FF4745DF12A05;
			productRefGroup = FA98327B93281269BE7E380D;
			projectDirPath = "";
			projectRoot = "";
			targets = (
			DF137A495455AF04E6A1C10E /* DatasmithSketchUp2019 */,
			92958CE0B712FE76C6B1B18D /* DatasmithSketchUp2019_Build */,
			76C18AE4DE101A7D05B11F4B /* DatasmithSketchUp2019_Index */,
			);
		};
/* End PBXProject section */

/* Begin XCBuildConfiguration section */
		D83FFB0CC597631C5354169D /* "Debug" */ = {
			isa = XCBuildConfiguration;
			buildSettings = {
				GCC_PREPROCESSOR_DEFINITIONS = (
					"__INTELLISENSE__",
					"MONOLITHIC_BUILD=1",
				);
				HEADER_SEARCH_PATHS = (
				);
				USER_HEADER_SEARCH_PATHS = (
				);
				ONLY_ACTIVE_ARCH = YES;
				ENABLE_TESTABILITY = YES;
				ALWAYS_SEARCH_USER_PATHS = NO;
				CLANG_CXX_LANGUAGE_STANDARD = "c++14";
				GCC_ENABLE_CPP_RTTI = NO;
				GCC_WARN_CHECK_SWITCH_STATEMENTS = NO;
				USE_HEADERMAP = NO;
			};
			name = "Debug";
		};
		1EAFD792F8479D608D8E3BDC /* "DebugGame" */ = {
			isa = XCBuildConfiguration;
			buildSettings = {
				GCC_PREPROCESSOR_DEFINITIONS = (
					"__INTELLISENSE__",
					"MONOLITHIC_BUILD=1",
				);
				HEADER_SEARCH_PATHS = (
				);
				USER_HEADER_SEARCH_PATHS = (
				);
				ALWAYS_SEARCH_USER_PATHS = NO;
				CLANG_CXX_LANGUAGE_STANDARD = "c++14";
				GCC_ENABLE_CPP_RTTI = NO;
				GCC_WARN_CHECK_SWITCH_STATEMENTS = NO;
				USE_HEADERMAP = NO;
			};
			name = "DebugGame";
		};
		E9DF002F4E9ED4E9E17EC033 /* "Development" */ = {
			isa = XCBuildConfiguration;
			buildSettings = {
				GCC_PREPROCESSOR_DEFINITIONS = (
					"__INTELLISENSE__",
					"MONOLITHIC_BUILD=1",
				);
				HEADER_SEARCH_PATHS = (
				);
				USER_HEADER_SEARCH_PATHS = (
				);
				ALWAYS_SEARCH_USER_PATHS = NO;
				CLANG_CXX_LANGUAGE_STANDARD = "c++14";
				GCC_ENABLE_CPP_RTTI = NO;
				GCC_WARN_CHECK_SWITCH_STATEMENTS = NO;
				USE_HEADERMAP = NO;
			};
			name = "Development";
		};
		1C64540427B5C8E8C36ABF7B /* "Shipping" */ = {
			isa = XCBuildConfiguration;
			buildSettings = {
				GCC_PREPROCESSOR_DEFINITIONS = (
					"__INTELLISENSE__",
					"MONOLITHIC_BUILD=1",
				);
				HEADER_SEARCH_PATHS = (
				);
				USER_HEADER_SEARCH_PATHS = (
				);
				ALWAYS_SEARCH_USER_PATHS = NO;
				CLANG_CXX_LANGUAGE_STANDARD = "c++14";
				GCC_ENABLE_CPP_RTTI = NO;
				GCC_WARN_CHECK_SWITCH_STATEMENTS = NO;
				USE_HEADERMAP = NO;
			};
			name = "Shipping";
		};
		2B55BA7175F76176E08359CA /* "Test" */ = {
			isa = XCBuildConfiguration;
			buildSettings = {
				GCC_PREPROCESSOR_DEFINITIONS = (
					"__INTELLISENSE__",
					"MONOLITHIC_BUILD=1",
				);
				HEADER_SEARCH_PATHS = (
				);
				USER_HEADER_SEARCH_PATHS = (
				);
				ALWAYS_SEARCH_USER_PATHS = NO;
				CLANG_CXX_LANGUAGE_STANDARD = "c++14";
				GCC_ENABLE_CPP_RTTI = NO;
				GCC_WARN_CHECK_SWITCH_STATEMENTS = NO;
				USE_HEADERMAP = NO;
			};
			name = "Test";
		};
		6A28AFC8E6A21DA6F078B26C /* "Debug" */ = {
			isa = XCBuildConfiguration;
			buildSettings = {
				VALID_ARCHS = "x86_64";
				SUPPORTED_PLATFORMS = "macosx";
				PRODUCT_NAME = "DatasmithSketchUp2019-Mac-Debug";
				CONFIGURATION_BUILD_DIR = "/Users/zhangjiangen/Documents/UGit/UnrealEngine425/Engine/Binaries/Mac";
				MACOSX_DEPLOYMENT_TARGET = 10.13;
				INFOPLIST_OUTPUT_FORMAT = xml;
				COMBINE_HIDPI_IMAGES = YES;
				SDKROOT = macosx;
				GCC_PRECOMPILE_PREFIX_HEADER = YES;
				GCC_PREFIX_HEADER = "/Users/zhangjiangen/Documents/UGit/UnrealEngine425/Engine/Source/Editor/UnrealEd/Public/UnrealEd.h";
			};
			name = "Debug";
		};
		1A8EB6CBACC6933A1834CE59 /* "DebugGame" */ = {
			isa = XCBuildConfiguration;
			buildSettings = {
				VALID_ARCHS = "x86_64";
				SUPPORTED_PLATFORMS = "macosx";
				PRODUCT_NAME = "DatasmithSketchUp2019-Mac-DebugGame";
				CONFIGURATION_BUILD_DIR = "/Users/zhangjiangen/Documents/UGit/UnrealEngine425/Engine/Binaries/Mac";
				MACOSX_DEPLOYMENT_TARGET = 10.13;
				INFOPLIST_OUTPUT_FORMAT = xml;
				COMBINE_HIDPI_IMAGES = YES;
				SDKROOT = macosx;
				GCC_PRECOMPILE_PREFIX_HEADER = YES;
				GCC_PREFIX_HEADER = "/Users/zhangjiangen/Documents/UGit/UnrealEngine425/Engine/Source/Editor/UnrealEd/Public/UnrealEd.h";
			};
			name = "DebugGame";
		};
		D04C9388174CCD88D8001C96 /* "Development" */ = {
			isa = XCBuildConfiguration;
			buildSettings = {
				VALID_ARCHS = "x86_64";
				SUPPORTED_PLATFORMS = "macosx";
				PRODUCT_NAME = "DatasmithSketchUp2019";
				CONFIGURATION_BUILD_DIR = "/Users/zhangjiangen/Documents/UGit/UnrealEngine425/Engine/Binaries/Mac";
				MACOSX_DEPLOYMENT_TARGET = 10.13;
				INFOPLIST_OUTPUT_FORMAT = xml;
				COMBINE_HIDPI_IMAGES = YES;
				SDKROOT = macosx;
				GCC_PRECOMPILE_PREFIX_HEADER = YES;
				GCC_PREFIX_HEADER = "/Users/zhangjiangen/Documents/UGit/UnrealEngine425/Engine/Source/Editor/UnrealEd/Public/UnrealEd.h";
			};
			name = "Development";
		};
		F76CA17E76E3ADF9E4A584D1 /* "Shipping" */ = {
			isa = XCBuildConfiguration;
			buildSettings = {
				VALID_ARCHS = "x86_64";
				SUPPORTED_PLATFORMS = "macosx";
				PRODUCT_NAME = "DatasmithSketchUp2019-Mac-Shipping";
				CONFIGURATION_BUILD_DIR = "/Users/zhangjiangen/Documents/UGit/UnrealEngine425/Engine/Binaries/Mac";
				MACOSX_DEPLOYMENT_TARGET = 10.13;
				INFOPLIST_OUTPUT_FORMAT = xml;
				COMBINE_HIDPI_IMAGES = YES;
				SDKROOT = macosx;
				GCC_PRECOMPILE_PREFIX_HEADER = YES;
				GCC_PREFIX_HEADER = "/Users/zhangjiangen/Documents/UGit/UnrealEngine425/Engine/Source/Editor/UnrealEd/Public/UnrealEd.h";
			};
			name = "Shipping";
		};
		EABCBCD829729A9520BE7072 /* "Test" */ = {
			isa = XCBuildConfiguration;
			buildSettings = {
				VALID_ARCHS = "x86_64";
				SUPPORTED_PLATFORMS = "macosx";
				PRODUCT_NAME = "DatasmithSketchUp2019-Mac-Test";
				CONFIGURATION_BUILD_DIR = "/Users/zhangjiangen/Documents/UGit/UnrealEngine425/Engine/Binaries/Mac";
				MACOSX_DEPLOYMENT_TARGET = 10.13;
				INFOPLIST_OUTPUT_FORMAT = xml;
				COMBINE_HIDPI_IMAGES = YES;
				SDKROOT = macosx;
				GCC_PRECOMPILE_PREFIX_HEADER = YES;
				GCC_PREFIX_HEADER = "/Users/zhangjiangen/Documents/UGit/UnrealEngine425/Engine/Source/Editor/UnrealEd/Public/UnrealEd.h";
			};
			name = "Test";
		};
		D1E87DD46587A84F0930107A /* "Debug" */ = {
			isa = XCBuildConfiguration;
			buildSettings = {
				VALID_ARCHS = "x86_64";
				SUPPORTED_PLATFORMS = "macosx";
				GCC_PREPROCESSOR_DEFINITIONS = ();
				HEADER_SEARCH_PATHS = ();
				USER_HEADER_SEARCH_PATHS = ();
				UE_BUILD_TARGET_NAME = "DatasmithSketchUp2019";
				UE_BUILD_TARGET_CONFIG = "Debug";
			};
			name = "Debug";
		};
		D1C47751CD0576EE0F91B6B5 /* "DebugGame" */ = {
			isa = XCBuildConfiguration;
			buildSettings = {
				VALID_ARCHS = "x86_64";
				SUPPORTED_PLATFORMS = "macosx";
				GCC_PREPROCESSOR_DEFINITIONS = ();
				HEADER_SEARCH_PATHS = ();
				USER_HEADER_SEARCH_PATHS = ();
				UE_BUILD_TARGET_NAME = "DatasmithSketchUp2019";
				UE_BUILD_TARGET_CONFIG = "DebugGame";
			};
			name = "DebugGame";
		};
		6FD2A768476208DD86D668ED /* "Development" */ = {
			isa = XCBuildConfiguration;
			buildSettings = {
				VALID_ARCHS = "x86_64";
				SUPPORTED_PLATFORMS = "macosx";
				GCC_PREPROCESSOR_DEFINITIONS = ();
				HEADER_SEARCH_PATHS = ();
				USER_HEADER_SEARCH_PATHS = ();
				UE_BUILD_TARGET_NAME = "DatasmithSketchUp2019";
				UE_BUILD_TARGET_CONFIG = "Development";
			};
			name = "Development";
		};
		AB5CCB0B2BEB414DE1614BE2 /* "Shipping" */ = {
			isa = XCBuildConfiguration;
			buildSettings = {
				VALID_ARCHS = "x86_64";
				SUPPORTED_PLATFORMS = "macosx";
				GCC_PREPROCESSOR_DEFINITIONS = ();
				HEADER_SEARCH_PATHS = ();
				USER_HEADER_SEARCH_PATHS = ();
				UE_BUILD_TARGET_NAME = "DatasmithSketchUp2019";
				UE_BUILD_TARGET_CONFIG = "Shipping";
			};
			name = "Shipping";
		};
		2DDCEB647BEA4A87E37AE0D6 /* "Test" */ = {
			isa = XCBuildConfiguration;
			buildSettings = {
				VALID_ARCHS = "x86_64";
				SUPPORTED_PLATFORMS = "macosx";
				GCC_PREPROCESSOR_DEFINITIONS = ();
				HEADER_SEARCH_PATHS = ();
				USER_HEADER_SEARCH_PATHS = ();
				UE_BUILD_TARGET_NAME = "DatasmithSketchUp2019";
				UE_BUILD_TARGET_CONFIG = "Test";
			};
			name = "Test";
		};
		FA8CD0582F9FABADF6E2D9EC /* "Debug" */ = {
			isa = XCBuildConfiguration;
			buildSettings = {
				VALID_ARCHS = "x86_64";
				SUPPORTED_PLATFORMS = "macosx";
				PRODUCT_NAME = "DatasmithSketchUp2019-Mac-Debug";
				CONFIGURATION_BUILD_DIR = "/Users/zhangjiangen/Documents/UGit/UnrealEngine425/Engine/Binaries/Mac";
				MACOSX_DEPLOYMENT_TARGET = 10.13;
				INFOPLIST_OUTPUT_FORMAT = xml;
				COMBINE_HIDPI_IMAGES = YES;
				SDKROOT = macosx;
				GCC_PRECOMPILE_PREFIX_HEADER = YES;
				GCC_PREFIX_HEADER = "/Users/zhangjiangen/Documents/UGit/UnrealEngine425/Engine/Source/Editor/UnrealEd/Public/UnrealEd.h";
			};
			name = "Debug";
		};
		AF1556C192AFED6B51F43EA0 /* "DebugGame" */ = {
			isa = XCBuildConfiguration;
			buildSettings = {
				VALID_ARCHS = "x86_64";
				SUPPORTED_PLATFORMS = "macosx";
				PRODUCT_NAME = "DatasmithSketchUp2019-Mac-DebugGame";
				CONFIGURATION_BUILD_DIR = "/Users/zhangjiangen/Documents/UGit/UnrealEngine425/Engine/Binaries/Mac";
				MACOSX_DEPLOYMENT_TARGET = 10.13;
				INFOPLIST_OUTPUT_FORMAT = xml;
				COMBINE_HIDPI_IMAGES = YES;
				SDKROOT = macosx;
				GCC_PRECOMPILE_PREFIX_HEADER = YES;
				GCC_PREFIX_HEADER = "/Users/zhangjiangen/Documents/UGit/UnrealEngine425/Engine/Source/Editor/UnrealEd/Public/UnrealEd.h";
			};
			name = "DebugGame";
		};
		0446A070BDCCD4305522F146 /* "Development" */ = {
			isa = XCBuildConfiguration;
			buildSettings = {
				VALID_ARCHS = "x86_64";
				SUPPORTED_PLATFORMS = "macosx";
				PRODUCT_NAME = "DatasmithSketchUp2019";
				CONFIGURATION_BUILD_DIR = "/Users/zhangjiangen/Documents/UGit/UnrealEngine425/Engine/Binaries/Mac";
				MACOSX_DEPLOYMENT_TARGET = 10.13;
				INFOPLIST_OUTPUT_FORMAT = xml;
				COMBINE_HIDPI_IMAGES = YES;
				SDKROOT = macosx;
				GCC_PRECOMPILE_PREFIX_HEADER = YES;
				GCC_PREFIX_HEADER = "/Users/zhangjiangen/Documents/UGit/UnrealEngine425/Engine/Source/Editor/UnrealEd/Public/UnrealEd.h";
			};
			name = "Development";
		};
		0E03B6D00E7F2A9986247951 /* "Shipping" */ = {
			isa = XCBuildConfiguration;
			buildSettings = {
				VALID_ARCHS = "x86_64";
				SUPPORTED_PLATFORMS = "macosx";
				PRODUCT_NAME = "DatasmithSketchUp2019-Mac-Shipping";
				CONFIGURATION_BUILD_DIR = "/Users/zhangjiangen/Documents/UGit/UnrealEngine425/Engine/Binaries/Mac";
				MACOSX_DEPLOYMENT_TARGET = 10.13;
				INFOPLIST_OUTPUT_FORMAT = xml;
				COMBINE_HIDPI_IMAGES = YES;
				SDKROOT = macosx;
				GCC_PRECOMPILE_PREFIX_HEADER = YES;
				GCC_PREFIX_HEADER = "/Users/zhangjiangen/Documents/UGit/UnrealEngine425/Engine/Source/Editor/UnrealEd/Public/UnrealEd.h";
			};
			name = "Shipping";
		};
		30CFD8EAFFD5028BAAEBE651 /* "Test" */ = {
			isa = XCBuildConfiguration;
			buildSettings = {
				VALID_ARCHS = "x86_64";
				SUPPORTED_PLATFORMS = "macosx";
				PRODUCT_NAME = "DatasmithSketchUp2019-Mac-Test";
				CONFIGURATION_BUILD_DIR = "/Users/zhangjiangen/Documents/UGit/UnrealEngine425/Engine/Binaries/Mac";
				MACOSX_DEPLOYMENT_TARGET = 10.13;
				INFOPLIST_OUTPUT_FORMAT = xml;
				COMBINE_HIDPI_IMAGES = YES;
				SDKROOT = macosx;
				GCC_PRECOMPILE_PREFIX_HEADER = YES;
				GCC_PREFIX_HEADER = "/Users/zhangjiangen/Documents/UGit/UnrealEngine425/Engine/Source/Editor/UnrealEd/Public/UnrealEd.h";
			};
			name = "Test";
		};
/* End XCBuildConfiguration section */

/* Begin XCConfigurationList section */
		871A97B6963488136C273637 /* Build configuration list for PBXProject "DatasmithSketchUp2019" */ = {
			isa = XCConfigurationList;
			buildConfigurations = (
				D83FFB0CC597631C5354169D /* "Debug" */,
				1EAFD792F8479D608D8E3BDC /* "DebugGame" */,
				E9DF002F4E9ED4E9E17EC033 /* "Development" */,
				1C64540427B5C8E8C36ABF7B /* "Shipping" */,
				2B55BA7175F76176E08359CA /* "Test" */,
			);
			defaultConfigurationIsVisible = 0;
			defaultConfigurationName = Development;
		};
		C48B724F60B22E4CF79B5CDD /* Build configuration list for PBXLegacyTarget "DatasmithSketchUp2019_Build" */ = {
			isa = XCConfigurationList;
			buildConfigurations = (
				D1E87DD46587A84F0930107A /* "Debug" */,
				D1C47751CD0576EE0F91B6B5 /* "DebugGame" */,
				6FD2A768476208DD86D668ED /* "Development" */,
				AB5CCB0B2BEB414DE1614BE2 /* "Shipping" */,
				2DDCEB647BEA4A87E37AE0D6 /* "Test" */,
			);
			defaultConfigurationIsVisible = 0;
			defaultConfigurationName = Development;
		};
		7C4D00A8698B3D52F369DE01 /* Build configuration list for PBXNativeTarget "DatasmithSketchUp2019" */ = {
			isa = XCConfigurationList;
			buildConfigurations = (
				6A28AFC8E6A21DA6F078B26C /* "Debug" */,
				1A8EB6CBACC6933A1834CE59 /* "DebugGame" */,
				D04C9388174CCD88D8001C96 /* "Development" */,
				F76CA17E76E3ADF9E4A584D1 /* "Shipping" */,
				EABCBCD829729A9520BE7072 /* "Test" */,
			);
			defaultConfigurationIsVisible = 0;
			defaultConfigurationName = Development;
		};
		182875C028D0610CE9016498 /* Build configuration list for PBXNativeTarget "DatasmithSketchUp2019_Index" */ = {
			isa = XCConfigurationList;
			buildConfigurations = (
				FA8CD0582F9FABADF6E2D9EC /* "Debug" */,
				AF1556C192AFED6B51F43EA0 /* "DebugGame" */,
				0446A070BDCCD4305522F146 /* "Development" */,
				0E03B6D00E7F2A9986247951 /* "Shipping" */,
				30CFD8EAFFD5028BAAEBE651 /* "Test" */,
			);
			defaultConfigurationIsVisible = 0;
			defaultConfigurationName = Development;
		};
/* End XCConfigurationList section */
	};
	rootObject = B9D815824B891DF738AE6AF6 /* Project object */;
}
